
Microsoft Visual Studio Solution File, Format Version 12.00
# Visual Studio 2012
Project("{FAE04EC0-301F-11D3-BF4B-00C04F79EFBC}") = "Scriptcs", "src\Scriptcs\Scriptcs.csproj", "{25080671-1A80-4041-B9C7-260578FF4849}"
EndProject
Project("{FAE04EC0-301F-11D3-BF4B-00C04F79EFBC}") = "Scriptcs.Contracts", "src\Scriptcs.Contracts\Scriptcs.Contracts.csproj", "{6049E205-8B5F-4080-B023-70600E51FD64}"
EndProject
Project("{FAE04EC0-301F-11D3-BF4B-00C04F79EFBC}") = "Scriptcs.Tests", "test\Scriptcs.Tests\Scriptcs.Tests.csproj", "{4D6A2A55-BB17-40CB-9567-EAFF80BEFDCE}"
EndProject
Project("{2150E333-8FDC-42A3-9474-1A3956D46DE8}") = "test", "test", "{A59C6538-62EA-4BF6-AA00-E0E9A2892D47}"
EndProject
Project("{2150E333-8FDC-42A3-9474-1A3956D46DE8}") = ".nuget", ".nuget", "{E95E5426-BF99-458E-AE6F-544DBBA9BC9E}"
	ProjectSection(SolutionItems) = preProject
		.nuget\NuGet.Config = .nuget\NuGet.Config
		.nuget\NuGet.exe = .nuget\NuGet.exe
		.nuget\NuGet.targets = .nuget\NuGet.targets
	EndProjectSection
EndProject
Project("{FAE04EC0-301F-11D3-BF4B-00C04F79EFBC}") = "Scriptcs.Core", "src\Scriptcs.Core\Scriptcs.Core.csproj", "{E590E710-E159-48E6-A3E6-1A83D3FE732C}"
EndProject
Global
	GlobalSection(SolutionConfigurationPlatforms) = preSolution
		Debug|Any CPU = Debug|Any CPU
		Release|Any CPU = Release|Any CPU
	EndGlobalSection
	GlobalSection(ProjectConfigurationPlatforms) = postSolution
		{25080671-1A80-4041-B9C7-260578FF4849}.Debug|Any CPU.ActiveCfg = Debug|Any CPU
		{25080671-1A80-4041-B9C7-260578FF4849}.Debug|Any CPU.Build.0 = Debug|Any CPU
		{25080671-1A80-4041-B9C7-260578FF4849}.Release|Any CPU.ActiveCfg = Release|Any CPU
		{25080671-1A80-4041-B9C7-260578FF4849}.Release|Any CPU.Build.0 = Release|Any CPU
		{6049E205-8B5F-4080-B023-70600E51FD64}.Debug|Any CPU.ActiveCfg = Debug|Any CPU
		{6049E205-8B5F-4080-B023-70600E51FD64}.Debug|Any CPU.Build.0 = Debug|Any CPU
		{6049E205-8B5F-4080-B023-70600E51FD64}.Release|Any CPU.ActiveCfg = Release|Any CPU
		{6049E205-8B5F-4080-B023-70600E51FD64}.Release|Any CPU.Build.0 = Release|Any CPU
		{4D6A2A55-BB17-40CB-9567-EAFF80BEFDCE}.Debug|Any CPU.ActiveCfg = Debug|Any CPU
		{4D6A2A55-BB17-40CB-9567-EAFF80BEFDCE}.Debug|Any CPU.Build.0 = Debug|Any CPU
		{4D6A2A55-BB17-40CB-9567-EAFF80BEFDCE}.Release|Any CPU.ActiveCfg = Release|Any CPU
		{4D6A2A55-BB17-40CB-9567-EAFF80BEFDCE}.Release|Any CPU.Build.0 = Release|Any CPU
		{E590E710-E159-48E6-A3E6-1A83D3FE732C}.Debug|Any CPU.ActiveCfg = Debug|Any CPU
		{E590E710-E159-48E6-A3E6-1A83D3FE732C}.Debug|Any CPU.Build.0 = Debug|Any CPU
		{E590E710-E159-48E6-A3E6-1A83D3FE732C}.Release|Any CPU.ActiveCfg = Release|Any CPU
		{E590E710-E159-48E6-A3E6-1A83D3FE732C}.Release|Any CPU.Build.0 = Release|Any CPU
	EndGlobalSection
	GlobalSection(SolutionProperties) = preSolution
		HideSolutionNode = FALSE
	EndGlobalSection
	GlobalSection(NestedProjects) = preSolution
		{4D6A2A55-BB17-40CB-9567-EAFF80BEFDCE} = {A59C6538-62EA-4BF6-AA00-E0E9A2892D47}
	EndGlobalSection
EndGlobal
