
Microsoft Visual Studio Solution File, Format Version 12.00
# Visual Studio 2013
VisualStudioVersion = 12.0.31101.0
MinimumVisualStudioVersion = 10.0.40219.1
Project("{FAE04EC0-301F-11D3-BF4B-00C04F79EFBC}") = "ScriptCs.CSharp", "ScriptCs.CSharp\ScriptCs.CSharp.csproj", "{E79EC231-E27D-4057-91C9-2D001A3A8C3B}"
EndProject
Project("{2150E333-8FDC-42A3-9474-1A3956D46DE8}") = ".nuget", ".nuget", "{17604CB7-1E38-4755-ADAE-3E292492E678}"
	ProjectSection(SolutionItems) = preProject
		.nuget\NuGet.Config = .nuget\NuGet.Config
		.nuget\NuGet.exe = .nuget\NuGet.exe
		.nuget\NuGet.targets = .nuget\NuGet.targets
	EndProjectSection
EndProject
Global
	GlobalSection(SolutionConfigurationPlatforms) = preSolution
		Debug|AnyCPU = Debug|AnyCPU
		Release|AnyCPU = Release|AnyCPU
	EndGlobalSection
	GlobalSection(ProjectConfigurationPlatforms) = postSolution
		{E79EC231-E27D-4057-91C9-2D001A3A8C3B}.Debug|AnyCPU.ActiveCfg = Debug|Any CPU
		{E79EC231-E27D-4057-91C9-2D001A3A8C3B}.Debug|AnyCPU.Build.0 = Debug|Any CPU
		{E79EC231-E27D-4057-91C9-2D001A3A8C3B}.Release|AnyCPU.ActiveCfg = Release|Any CPU
		{E79EC231-E27D-4057-91C9-2D001A3A8C3B}.Release|AnyCPU.Build.0 = Release|Any CPU
	EndGlobalSection
	GlobalSection(SolutionProperties) = preSolution
		HideSolutionNode = FALSE
	EndGlobalSection
EndGlobal
